
Microsoft Visual Studio Solution File, Format Version 12.00
Project("{FAE04EC0-301F-11D3-BF4B-00C04F79EFBC}") = "ConsoleApplication1", "ConsoleApplication1\ConsoleApplication1.csproj", "{D40967B8-B576-4364-B682-C59A7651AC79}"
EndProject
Global
	GlobalSection(SolutionConfigurationPlatforms) = preSolution
		Debug|Any CPU = Debug|Any CPU
		Release|Any CPU = Release|Any CPU
	EndGlobalSection
	GlobalSection(ProjectConfigurationPlatforms) = postSolution
		{D40967B8-B576-4364-B682-C59A7651AC79}.Debug|Any CPU.ActiveCfg = Debug|Any CPU
		{D40967B8-B576-4364-B682-C59A7651AC79}.Debug|Any CPU.Build.0 = Debug|Any CPU
		{D40967B8-B576-4364-B682-C59A7651AC79}.Release|Any CPU.ActiveCfg = Release|Any CPU
		{D40967B8-B576-4364-B682-C59A7651AC79}.Release|Any CPU.Build.0 = Release|Any CPU
	EndGlobalSection
EndGlobal
