
Microsoft Visual Studio Solution File, Format Version 12.00
Project("{FAE04EC0-301F-11D3-BF4B-00C04F79EFBC}") = "lab07_1", "lab07_1\lab07_1.csproj", "{C45AD830-A216-43AE-8096-728985B3F1C6}"
EndProject
Project("{FAE04EC0-301F-11D3-BF4B-00C04F79EFBC}") = "lab07_2", "lab07_2\lab07_2.csproj", "{9CA0EE51-72B1-42FF-9B8B-A778CD289626}"
EndProject
Global
	GlobalSection(SolutionConfigurationPlatforms) = preSolution
		Debug|Any CPU = Debug|Any CPU
		Release|Any CPU = Release|Any CPU
	EndGlobalSection
	GlobalSection(ProjectConfigurationPlatforms) = postSolution
		{C45AD830-A216-43AE-8096-728985B3F1C6}.Debug|Any CPU.ActiveCfg = Debug|Any CPU
		{C45AD830-A216-43AE-8096-728985B3F1C6}.Debug|Any CPU.Build.0 = Debug|Any CPU
		{C45AD830-A216-43AE-8096-728985B3F1C6}.Release|Any CPU.ActiveCfg = Release|Any CPU
		{C45AD830-A216-43AE-8096-728985B3F1C6}.Release|Any CPU.Build.0 = Release|Any CPU
		{9CA0EE51-72B1-42FF-9B8B-A778CD289626}.Debug|Any CPU.ActiveCfg = Debug|Any CPU
		{9CA0EE51-72B1-42FF-9B8B-A778CD289626}.Debug|Any CPU.Build.0 = Debug|Any CPU
		{9CA0EE51-72B1-42FF-9B8B-A778CD289626}.Release|Any CPU.ActiveCfg = Release|Any CPU
		{9CA0EE51-72B1-42FF-9B8B-A778CD289626}.Release|Any CPU.Build.0 = Release|Any CPU
	EndGlobalSection
EndGlobal
